
Microsoft Visual Studio Solution File, Format Version 12.00
# Visual Studio Version 16
VisualStudioVersion = 16.0.32228.343
MinimumVisualStudioVersion = 10.0.40219.1
Project("{FAE04EC0-301F-11D3-BF4B-00C04F79EFBC}") = "SistMotoTaxi", "SistMotoTaxi\SistMotoTaxi.csproj", "{0D3D2C2A-E5AE-4AE7-B939-3DB8032CE23D}"
EndProject
Global
	GlobalSection(SolutionConfigurationPlatforms) = preSolution
		Debug|Any CPU = Debug|Any CPU
		Release|Any CPU = Release|Any CPU
	EndGlobalSection
	GlobalSection(ProjectConfigurationPlatforms) = postSolution
		{0D3D2C2A-E5AE-4AE7-B939-3DB8032CE23D}.Debug|Any CPU.ActiveCfg = Debug|Any CPU
		{0D3D2C2A-E5AE-4AE7-B939-3DB8032CE23D}.Debug|Any CPU.Build.0 = Debug|Any CPU
		{0D3D2C2A-E5AE-4AE7-B939-3DB8032CE23D}.Release|Any CPU.ActiveCfg = Release|Any CPU
		{0D3D2C2A-E5AE-4AE7-B939-3DB8032CE23D}.Release|Any CPU.Build.0 = Release|Any CPU
	EndGlobalSection
	GlobalSection(SolutionProperties) = preSolution
		HideSolutionNode = FALSE
	EndGlobalSection
	GlobalSection(ExtensibilityGlobals) = postSolution
		SolutionGuid = {1FA479A1-8925-4C0D-BA02-70DC9037DAB1}
	EndGlobalSection
EndGlobal
